
Microsoft Visual Studio Solution File, Format Version 12.00
# Visual Studio Version 16
VisualStudioVersion = 16.0.31105.61
MinimumVisualStudioVersion = 10.0.40219.1
Project("{FAE04EC0-301F-11D3-BF4B-00C04F79EFBC}") = "МатюшкинАлексейLogTest", "МатюшкинАлексейLogTest.csproj", "{120D19F9-24C2-45D0-B612-6AC5E4796F87}"
EndProject
Global
	GlobalSection(SolutionConfigurationPlatforms) = preSolution
		Debug|Any CPU = Debug|Any CPU
		Release|Any CPU = Release|Any CPU
	EndGlobalSection
	GlobalSection(ProjectConfigurationPlatforms) = postSolution
		{120D19F9-24C2-45D0-B612-6AC5E4796F87}.Debug|Any CPU.ActiveCfg = Debug|Any CPU
		{120D19F9-24C2-45D0-B612-6AC5E4796F87}.Debug|Any CPU.Build.0 = Debug|Any CPU
		{120D19F9-24C2-45D0-B612-6AC5E4796F87}.Release|Any CPU.ActiveCfg = Release|Any CPU
		{120D19F9-24C2-45D0-B612-6AC5E4796F87}.Release|Any CPU.Build.0 = Release|Any CPU
	EndGlobalSection
	GlobalSection(SolutionProperties) = preSolution
		HideSolutionNode = FALSE
	EndGlobalSection
	GlobalSection(ExtensibilityGlobals) = postSolution
		SolutionGuid = {D655176C-540E-4C41-993D-5F3DD97EBB42}
	EndGlobalSection
EndGlobal
